// !$*UTF8*$!
{
	archiveVersion = 1;
	classes = {
	};
	objectVersion = 50;
	objects = {

/* Begin PBXBuildFile section */
		5480A2D02602FF16002DA81C /* Response.swift in Sources */ = {isa = PBXBuildFile; fileRef = 5480A2CF2602FF16002DA81C /* Response.swift */; };
		54953C9825FF0EC800EC0BA5 /* AppDelegate.swift in Sources */ = {isa = PBXBuildFile; fileRef = 54953C9725FF0EC700EC0BA5 /* AppDelegate.swift */; };
		54953C9A25FF0EC800EC0BA5 /* SceneDelegate.swift in Sources */ = {isa = PBXBuildFile; fileRef = 54953C9925FF0EC800EC0BA5 /* SceneDelegate.swift */; };
		54953C9C25FF0EC800EC0BA5 /* ViewController.swift in Sources */ = {isa = PBXBuildFile; fileRef = 54953C9B25FF0EC800EC0BA5 /* ViewController.swift */; };
		54953C9F25FF0EC800EC0BA5 /* Main.storyboard in Resources */ = {isa = PBXBuildFile; fileRef = 54953C9D25FF0EC800EC0BA5 /* Main.storyboard */; };
		54953CA125FF0ECA00EC0BA5 /* Assets.xcassets in Resources */ = {isa = PBXBuildFile; fileRef = 54953CA025FF0ECA00EC0BA5 /* Assets.xcassets */; };
		54953CA425FF0ECA00EC0BA5 /* LaunchScreen.storyboard in Resources */ = {isa = PBXBuildFile; fileRef = 54953CA225FF0ECA00EC0BA5 /* LaunchScreen.storyboard */; };
		54953CAD25FF0EFE00EC0BA5 /* Constants.swift in Sources */ = {isa = PBXBuildFile; fileRef = 54953CAC25FF0EFE00EC0BA5 /* Constants.swift */; };
		54953CB025FF113500EC0BA5 /* Video.swift in Sources */ = {isa = PBXBuildFile; fileRef = 54953CAF25FF113500EC0BA5 /* Video.swift */; };
		54953CB325FF125F00EC0BA5 /* Model.swift in Sources */ = {isa = PBXBuildFile; fileRef = 54953CB225FF125F00EC0BA5 /* Model.swift */; };
/* End PBXBuildFile section */

/* Begin PBXFileReference section */
		5480A2CF2602FF16002DA81C /* Response.swift */ = {isa = PBXFileReference; lastKnownFileType = sourcecode.swift; path = Response.swift; sourceTree = "<group>"; };
		54953C9425FF0EC700EC0BA5 /* Youtube-Api.app */ = {isa = PBXFileReference; explicitFileType = wrapper.application; includeInIndex = 0; path = "Youtube-Api.app"; sourceTree = BUILT_PRODUCTS_DIR; };
		54953C9725FF0EC700EC0BA5 /* AppDelegate.swift */ = {isa = PBXFileReference; lastKnownFileType = sourcecode.swift; path = AppDelegate.swift; sourceTree = "<group>"; };
		54953C9925FF0EC800EC0BA5 /* SceneDelegate.swift */ = {isa = PBXFileReference; lastKnownFileType = sourcecode.swift; path = SceneDelegate.swift; sourceTree = "<group>"; };
		54953C9B25FF0EC800EC0BA5 /* ViewController.swift */ = {isa = PBXFileReference; lastKnownFileType = sourcecode.swift; path = ViewController.swift; sourceTree = "<group>"; };
		54953C9E25FF0EC800EC0BA5 /* Base */ = {isa = PBXFileReference; lastKnownFileType = file.storyboard; name = Base; path = Base.lproj/Main.storyboard; sourceTree = "<group>"; };
		54953CA025FF0ECA00EC0BA5 /* Assets.xcassets */ = {isa = PBXFileReference; lastKnownFileType = folder.assetcatalog; path = Assets.xcassets; sourceTree = "<group>"; };
		54953CA325FF0ECA00EC0BA5 /* Base */ = {isa = PBXFileReference; lastKnownFileType = file.storyboard; name = Base; path = Base.lproj/LaunchScreen.storyboard; sourceTree = "<group>"; };
		54953CA525FF0ECA00EC0BA5 /* Info.plist */ = {isa = PBXFileReference; lastKnownFileType = text.plist.xml; path = Info.plist; sourceTree = "<group>"; };
		54953CAC25FF0EFE00EC0BA5 /* Constants.swift */ = {isa = PBXFileReference; lastKnownFileType = sourcecode.swift; path = Constants.swift; sourceTree = "<group>"; };
		54953CAF25FF113500EC0BA5 /* Video.swift */ = {isa = PBXFileReference; lastKnownFileType = sourcecode.swift; path = Video.swift; sourceTree = "<group>"; };
		54953CB225FF125F00EC0BA5 /* Model.swift */ = {isa = PBXFileReference; lastKnownFileType = sourcecode.swift; path = Model.swift; sourceTree = "<group>"; };
/* End PBXFileReference section */

/* Begin PBXFrameworksBuildPhase section */
		54953C9125FF0EC700EC0BA5 /* Frameworks */ = {
			isa = PBXFrameworksBuildPhase;
			buildActionMask = 2147483647;
			files = (
			);
			runOnlyForDeploymentPostprocessing = 0;
		};
/* End PBXFrameworksBuildPhase section */

/* Begin PBXGroup section */
		54953C8B25FF0EC700EC0BA5 = {
			isa = PBXGroup;
			children = (
				54953C9625FF0EC700EC0BA5 /* Youtube-Api */,
				54953C9525FF0EC700EC0BA5 /* Products */,
			);
			sourceTree = "<group>";
		};
		54953C9525FF0EC700EC0BA5 /* Products */ = {
			isa = PBXGroup;
			children = (
				54953C9425FF0EC700EC0BA5 /* Youtube-Api.app */,
			);
			name = Products;
			sourceTree = "<group>";
		};
		54953C9625FF0EC700EC0BA5 /* Youtube-Api */ = {
			isa = PBXGroup;
			children = (
				54953C9725FF0EC700EC0BA5 /* AppDelegate.swift */,
				54953C9925FF0EC800EC0BA5 /* SceneDelegate.swift */,
				54953C9B25FF0EC800EC0BA5 /* ViewController.swift */,
				54953C9D25FF0EC800EC0BA5 /* Main.storyboard */,
				54953CA025FF0ECA00EC0BA5 /* Assets.xcassets */,
				54953CA225FF0ECA00EC0BA5 /* LaunchScreen.storyboard */,
				54953CA525FF0ECA00EC0BA5 /* Info.plist */,
				54953CAC25FF0EFE00EC0BA5 /* Constants.swift */,
				54953CAF25FF113500EC0BA5 /* Video.swift */,
				54953CB225FF125F00EC0BA5 /* Model.swift */,
				5480A2CF2602FF16002DA81C /* Response.swift */,
			);
			path = "Youtube-Api";
			sourceTree = "<group>";
		};
/* End PBXGroup section */

/* Begin PBXNativeTarget section */
		54953C9325FF0EC700EC0BA5 /* Youtube-Api */ = {
			isa = PBXNativeTarget;
			buildConfigurationList = 54953CA825FF0ECA00EC0BA5 /* Build configuration list for PBXNativeTarget "Youtube-Api" */;
			buildPhases = (
				54953C9025FF0EC700EC0BA5 /* Sources */,
				54953C9125FF0EC700EC0BA5 /* Frameworks */,
				54953C9225FF0EC700EC0BA5 /* Resources */,
			);
			buildRules = (
			);
			dependencies = (
			);
			name = "Youtube-Api";
			productName = "Youtube-Api";
			productReference = 54953C9425FF0EC700EC0BA5 /* Youtube-Api.app */;
			productType = "com.apple.product-type.application";
		};
/* End PBXNativeTarget section */

/* Begin PBXProject section */
		54953C8C25FF0EC700EC0BA5 /* Project object */ = {
			isa = PBXProject;
			attributes = {
				LastSwiftUpdateCheck = 1240;
				LastUpgradeCheck = 1240;
				TargetAttributes = {
					54953C9325FF0EC700EC0BA5 = {
						CreatedOnToolsVersion = 12.4;
					};
				};
			};
			buildConfigurationList = 54953C8F25FF0EC700EC0BA5 /* Build configuration list for PBXProject "Youtube-Api" */;
			compatibilityVersion = "Xcode 9.3";
			developmentRegion = en;
			hasScannedForEncodings = 0;
			knownRegions = (
				en,
				Base,
			);
			mainGroup = 54953C8B25FF0EC700EC0BA5;
			productRefGroup = 54953C9525FF0EC700EC0BA5 /* Products */;
			projectDirPath = "";
			projectRoot = "";
			targets = (
				54953C9325FF0EC700EC0BA5 /* Youtube-Api */,
			);
		};
/* End PBXProject section */

/* Begin PBXResourcesBuildPhase section */
		54953C9225FF0EC700EC0BA5 /* Resources */ = {
			isa = PBXResourcesBuildPhase;
			buildActionMask = 2147483647;
			files = (
				54953CA425FF0ECA00EC0BA5 /* LaunchScreen.storyboard in Resources */,
				54953CA125FF0ECA00EC0BA5 /* Assets.xcassets in Resources */,
				54953C9F25FF0EC800EC0BA5 /* Main.storyboard in Resources */,
			);
			runOnlyForDeploymentPostprocessing = 0;
		};
/* End PBXResourcesBuildPhase section */

/* Begin PBXSourcesBuildPhase section */
		54953C9025FF0EC700EC0BA5 /* Sources */ = {
			isa = PBXSourcesBuildPhase;
			buildActionMask = 2147483647;
			files = (
				54953C9C25FF0EC800EC0BA5 /* ViewController.swift in Sources */,
				54953C9825FF0EC800EC0BA5 /* AppDelegate.swift in Sources */,
				54953C9A25FF0EC800EC0BA5 /* SceneDelegate.swift in Sources */,
				54953CB325FF125F00EC0BA5 /* Model.swift in Sources */,
				54953CAD25FF0EFE00EC0BA5 /* Constants.swift in Sources */,
				54953CB025FF113500EC0BA5 /* Video.swift in Sources */,
				5480A2D02602FF16002DA81C /* Response.swift in Sources */,
			);
			runOnlyForDeploymentPostprocessing = 0;
		};
/* End PBXSourcesBuildPhase section */

/* Begin PBXVariantGroup section */
		54953C9D25FF0EC800EC0BA5 /* Main.storyboard */ = {
			isa = PBXVariantGroup;
			children = (
				54953C9E25FF0EC800EC0BA5 /* Base */,
			);
			name = Main.storyboard;
			sourceTree = "<group>";
		};
		54953CA225FF0ECA00EC0BA5 /* LaunchScreen.storyboard */ = {
			isa = PBXVariantGroup;
			children = (
				54953CA325FF0ECA00EC0BA5 /* Base */,
			);
			name = LaunchScreen.storyboard;
			sourceTree = "<group>";
		};
/* End PBXVariantGroup section */

/* Begin XCBuildConfiguration section */
		54953CA625FF0ECA00EC0BA5 /* Debug */ = {
			isa = XCBuildConfiguration;
			buildSettings = {
				ALWAYS_SEARCH_USER_PATHS = NO;
				CLANG_ANALYZER_NONNULL = YES;
				CLANG_ANALYZER_NUMBER_OBJECT_CONVERSION = YES_AGGRESSIVE;
				CLANG_CXX_LANGUAGE_STANDARD = "gnu++14";
				CLANG_CXX_LIBRARY = "libc++";
				CLANG_ENABLE_MODULES = YES;
				CLANG_ENABLE_OBJC_ARC = YES;
				CLANG_ENABLE_OBJC_WEAK = YES;
				CLANG_WARN_BLOCK_CAPTURE_AUTORELEASING = YES;
				CLANG_WARN_BOOL_CONVERSION = YES;
				CLANG_WARN_COMMA = YES;
				CLANG_WARN_CONSTANT_CONVERSION = YES;
				CLANG_WARN_DEPRECATED_OBJC_IMPLEMENTATIONS = YES;
				CLANG_WARN_DIRECT_OBJC_ISA_USAGE = YES_ERROR;
				CLANG_WARN_DOCUMENTATION_COMMENTS = YES;
				CLANG_WARN_EMPTY_BODY = YES;
				CLANG_WARN_ENUM_CONVERSION = YES;
				CLANG_WARN_INFINITE_RECURSION = YES;
				CLANG_WARN_INT_CONVERSION = YES;
				CLANG_WARN_NON_LITERAL_NULL_CONVERSION = YES;
				CLANG_WARN_OBJC_IMPLICIT_RETAIN_SELF = YES;
				CLANG_WARN_OBJC_LITERAL_CONVERSION = YES;
				CLANG_WARN_OBJC_ROOT_CLASS = YES_ERROR;
				CLANG_WARN_QUOTED_INCLUDE_IN_FRAMEWORK_HEADER = YES;
				CLANG_WARN_RANGE_LOOP_ANALYSIS = YES;
				CLANG_WARN_STRICT_PROTOTYPES = YES;
				CLANG_WARN_SUSPICIOUS_MOVE = YES;
				CLANG_WARN_UNGUARDED_AVAILABILITY = YES_AGGRESSIVE;
				CLANG_WARN_UNREACHABLE_CODE = YES;
				CLANG_WARN__DUPLICATE_METHOD_MATCH = YES;
				COPY_PHASE_STRIP = NO;
				DEBUG_INFORMATION_FORMAT = dwarf;
				ENABLE_STRICT_OBJC_MSGSEND = YES;
				ENABLE_TESTABILITY = YES;
				GCC_C_LANGUAGE_STANDARD = gnu11;
				GCC_DYNAMIC_NO_PIC = NO;
				GCC_NO_COMMON_BLOCKS = YES;
				GCC_OPTIMIZATION_LEVEL = 0;
				GCC_PREPROCESSOR_DEFINITIONS = (
					"DEBUG=1",
					"$(inherited)",
				);
				GCC_WARN_64_TO_32_BIT_CONVERSION = YES;
				GCC_WARN_ABOUT_RETURN_TYPE = YES_ERROR;
				GCC_WARN_UNDECLARED_SELECTOR = YES;
				GCC_WARN_UNINITIALIZED_AUTOS = YES_AGGRESSIVE;
				GCC_WARN_UNUSED_FUNCTION = YES;
				GCC_WARN_UNUSED_VARIABLE = YES;
				IPHONEOS_DEPLOYMENT_TARGET = 14.4;
				MTL_ENABLE_DEBUG_INFO = INCLUDE_SOURCE;
				MTL_FAST_MATH = YES;
				ONLY_ACTIVE_ARCH = YES;
				SDKROOT = iphoneos;
				SWIFT_ACTIVE_COMPILATION_CONDITIONS = DEBUG;
				SWIFT_OPTIMIZATION_LEVEL = "-Onone";
			};
			name = Debug;
		};
		54953CA725FF0ECA00EC0BA5 /* Release */ = {
			isa = XCBuildConfiguration;
			buildSettings = {
				ALWAYS_SEARCH_USER_PATHS = NO;
				CLANG_ANALYZER_NONNULL = YES;
				CLANG_ANALYZER_NUMBER_OBJECT_CONVERSION = YES_AGGRESSIVE;
				CLANG_CXX_LANGUAGE_STANDARD = "gnu++14";
				CLANG_CXX_LIBRARY = "libc++";
				CLANG_ENABLE_MODULES = YES;
				CLANG_ENABLE_OBJC_ARC = YES;
				CLANG_ENABLE_OBJC_WEAK = YES;
				CLANG_WARN_BLOCK_CAPTURE_AUTORELEASING = YES;
				CLANG_WARN_BOOL_CONVERSION = YES;
				CLANG_WARN_COMMA = YES;
				CLANG_WARN_CONSTANT_CONVERSION = YES;
				CLANG_WARN_DEPRECATED_OBJC_IMPLEMENTATIONS = YES;
				CLANG_WARN_DIRECT_OBJC_ISA_USAGE = YES_ERROR;
				CLANG_WARN_DOCUMENTATION_COMMENTS = YES;
				CLANG_WARN_EMPTY_BODY = YES;
				CLANG_WARN_ENUM_CONVERSION = YES;
				CLANG_WARN_INFINITE_RECURSION = YES;
				CLANG_WARN_INT_CONVERSION = YES;
				CLANG_WARN_NON_LITERAL_NULL_CONVERSION = YES;
				CLANG_WARN_OBJC_IMPLICIT_RETAIN_SELF = YES;
				CLANG_WARN_OBJC_LITERAL_CONVERSION = YES;
				CLANG_WARN_OBJC_ROOT_CLASS = YES_ERROR;
				CLANG_WARN_QUOTED_INCLUDE_IN_FRAMEWORK_HEADER = YES;
				CLANG_WARN_RANGE_LOOP_ANALYSIS = YES;
				CLANG_WARN_STRICT_PROTOTYPES = YES;
				CLANG_WARN_SUSPICIOUS_MOVE = YES;
				CLANG_WARN_UNGUARDED_AVAILABILITY = YES_AGGRESSIVE;
				CLANG_WARN_UNREACHABLE_CODE = YES;
				CLANG_WARN__DUPLICATE_METHOD_MATCH = YES;
				COPY_PHASE_STRIP = NO;
				DEBUG_INFORMATION_FORMAT = "dwarf-with-dsym";
				ENABLE_NS_ASSERTIONS = NO;
				ENABLE_STRICT_OBJC_MSGSEND = YES;
				GCC_C_LANGUAGE_STANDARD = gnu11;
				GCC_NO_COMMON_BLOCKS = YES;
				GCC_WARN_64_TO_32_BIT_CONVERSION = YES;
				GCC_WARN_ABOUT_RETURN_TYPE = YES_ERROR;
				GCC_WARN_UNDECLARED_SELECTOR = YES;
				GCC_WARN_UNINITIALIZED_AUTOS = YES_AGGRESSIVE;
				GCC_WARN_UNUSED_FUNCTION = YES;
				GCC_WARN_UNUSED_VARIABLE = YES;
				IPHONEOS_DEPLOYMENT_TARGET = 14.4;
				MTL_ENABLE_DEBUG_INFO = NO;
				MTL_FAST_MATH = YES;
				SDKROOT = iphoneos;
				SWIFT_COMPILATION_MODE = wholemodule;
				SWIFT_OPTIMIZATION_LEVEL = "-O";
				VALIDATE_PRODUCT = YES;
			};
			name = Release;
		};
		54953CA925FF0ECA00EC0BA5 /* Debug */ = {
			isa = XCBuildConfiguration;
			buildSettings = {
				ASSETCATALOG_COMPILER_APPICON_NAME = AppIcon;
				ASSETCATALOG_COMPILER_GLOBAL_ACCENT_COLOR_NAME = AccentColor;
				CODE_SIGN_STYLE = Automatic;
				DEVELOPMENT_TEAM = MD4799W7K8;
				INFOPLIST_FILE = "Youtube-Api/Info.plist";
				LD_RUNPATH_SEARCH_PATHS = (
					"$(inherited)",
					"@executable_path/Frameworks",
				);
				PRODUCT_BUNDLE_IDENTIFIER = "Caldery-s.Youtube-Api";
				PRODUCT_NAME = "$(TARGET_NAME)";
				SWIFT_VERSION = 5.0;
				TARGETED_DEVICE_FAMILY = "1,2";
			};
			name = Debug;
		};
		54953CAA25FF0ECA00EC0BA5 /* Release */ = {
			isa = XCBuildConfiguration;
			buildSettings = {
				ASSETCATALOG_COMPILER_APPICON_NAME = AppIcon;
				ASSETCATALOG_COMPILER_GLOBAL_ACCENT_COLOR_NAME = AccentColor;
				CODE_SIGN_STYLE = Automatic;
				DEVELOPMENT_TEAM = MD4799W7K8;
				INFOPLIST_FILE = "Youtube-Api/Info.plist";
				LD_RUNPATH_SEARCH_PATHS = (
					"$(inherited)",
					"@executable_path/Frameworks",
				);
				PRODUCT_BUNDLE_IDENTIFIER = "Caldery-s.Youtube-Api";
				PRODUCT_NAME = "$(TARGET_NAME)";
				SWIFT_VERSION = 5.0;
				TARGETED_DEVICE_FAMILY = "1,2";
			};
			name = Release;
		};
/* End XCBuildConfiguration section */

/* Begin XCConfigurationList section */
		54953C8F25FF0EC700EC0BA5 /* Build configuration list for PBXProject "Youtube-Api" */ = {
			isa = XCConfigurationList;
			buildConfigurations = (
				54953CA625FF0ECA00EC0BA5 /* Debug */,
				54953CA725FF0ECA00EC0BA5 /* Release */,
			);
			defaultConfigurationIsVisible = 0;
			defaultConfigurationName = Release;
		};
		54953CA825FF0ECA00EC0BA5 /* Build configuration list for PBXNativeTarget "Youtube-Api" */ = {
			isa = XCConfigurationList;
			buildConfigurations = (
				54953CA925FF0ECA00EC0BA5 /* Debug */,
				54953CAA25FF0ECA00EC0BA5 /* Release */,
			);
			defaultConfigurationIsVisible = 0;
			defaultConfigurationName = Release;
		};
/* End XCConfigurationList section */
	};
	rootObject = 54953C8C25FF0EC700EC0BA5 /* Project object */;
}
